
Microsoft Visual Studio Solution File, Format Version 12.00
# Visual Studio Version 17
VisualStudioVersion = 17.8.34316.72
MinimumVisualStudioVersion = 10.0.40219.1
Project("{FAE04EC0-301F-11D3-BF4B-00C04F79EFBC}") = "PMQLSuperbrain Core", "PMQLSuperbrain Core.csproj", "{D29A235F-2DEE-4C52-BE70-58DEB4A662A7}"
EndProject
Global
	GlobalSection(SolutionConfigurationPlatforms) = preSolution
		Debug|Any CPU = Debug|Any CPU
		Release|Any CPU = Release|Any CPU
	EndGlobalSection
	GlobalSection(ProjectConfigurationPlatforms) = postSolution
		{D29A235F-2DEE-4C52-BE70-58DEB4A662A7}.Debug|Any CPU.ActiveCfg = Debug|Any CPU
		{D29A235F-2DEE-4C52-BE70-58DEB4A662A7}.Debug|Any CPU.Build.0 = Debug|Any CPU
		{D29A235F-2DEE-4C52-BE70-58DEB4A662A7}.Release|Any CPU.ActiveCfg = Release|Any CPU
		{D29A235F-2DEE-4C52-BE70-58DEB4A662A7}.Release|Any CPU.Build.0 = Release|Any CPU
	EndGlobalSection
	GlobalSection(SolutionProperties) = preSolution
		HideSolutionNode = FALSE
	EndGlobalSection
	GlobalSection(ExtensibilityGlobals) = postSolution
		SolutionGuid = {6DCAAF5A-CDBA-404C-A7F6-3E00085BA43C}
	EndGlobalSection
EndGlobal
